
Microsoft Visual Studio Solution File, Format Version 12.00
# Visual Studio Version 17
VisualStudioVersion = 17.7.34031.279
MinimumVisualStudioVersion = 10.0.40219.1
Project("{2150E333-8FDC-42A3-9474-1A3956D46DE8}") = "Task0", "Task0", "{93F98BB5-3F4B-4764-9FB6-DE2C7A9A74E6}"
EndProject
Project("{FAE04EC0-301F-11D3-BF4B-00C04F79EFBC}") = "Tyuiu.ZairovAR.Sprint6.Task0.V5", "Tyuiu.ZairovAR.Sprint6.Task0.V5\Tyuiu.ZairovAR.Sprint6.Task0.V5.csproj", "{DE8CC467-808F-43A2-8B87-5204FCBE8A0E}"
EndProject
Project("{FAE04EC0-301F-11D3-BF4B-00C04F79EFBC}") = "Tyuiu.ZairovAR.Sprint6.Task0.V5.Lib", "Tyuiu.ZairovAR.Sprint6.Task0.V5.Lib\Tyuiu.ZairovAR.Sprint6.Task0.V5.Lib.csproj", "{1918EC33-9D96-4C6C-8DF5-A82E1C8A4E7B}"
EndProject
Project("{FAE04EC0-301F-11D3-BF4B-00C04F79EFBC}") = "Tyuiu.ZairovAR.Sprint6.Task0.V5.Test", "Tyuiu.ZairovAR.Sprint6.Task0.V5.Test\Tyuiu.ZairovAR.Sprint6.Task0.V5.Test.csproj", "{D5BCC979-E57F-40DB-8CD0-0674C8C3A1FC}"
EndProject
Project("{2150E333-8FDC-42A3-9474-1A3956D46DE8}") = "Task1", "Task1", "{90184814-9959-4E79-8762-C094290C7F44}"
EndProject
Project("{FAE04EC0-301F-11D3-BF4B-00C04F79EFBC}") = "Tyuiu.ZairovAR.Sprint6.Task1.V23", "Tyuiu.ZairovAR.Sprint6.Task1.V23\Tyuiu.ZairovAR.Sprint6.Task1.V23.csproj", "{E9363B24-D8B0-42BD-8C08-379569259614}"
EndProject
Project("{FAE04EC0-301F-11D3-BF4B-00C04F79EFBC}") = "Tyuiu.ZairovAR.Sprint6.Task1.V23.Lib", "Tyuiu.ZairovAR.Sprint6.Task1.V23.Lib\Tyuiu.ZairovAR.Sprint6.Task1.V23.Lib.csproj", "{72F5D00E-CFFB-48B2-AAB2-D32D21E6BCB1}"
EndProject
Project("{FAE04EC0-301F-11D3-BF4B-00C04F79EFBC}") = "Tyuiu.ZairovAR.Sprint6.Task1.V23.Test", "Tyuiu.ZairovAR.Sprint6.Task1.V23.Test\Tyuiu.ZairovAR.Sprint6.Task1.V23.Test.csproj", "{EBA3F87B-D1C5-4DB2-90F3-69CF3B59FA35}"
EndProject
Project("{2150E333-8FDC-42A3-9474-1A3956D46DE8}") = "Task2", "Task2", "{7D3DCD26-7C2D-48D6-B9C3-1BCE9789BD35}"
EndProject
Project("{FAE04EC0-301F-11D3-BF4B-00C04F79EFBC}") = "Tyuiu.ZairovAR.Sprint6.Task2.V12", "Tyuiu.ZairovAR.Sprint6.Task2.V12\Tyuiu.ZairovAR.Sprint6.Task2.V12.csproj", "{B4B4016F-8544-486F-BB16-C5CC0ABCCE7B}"
EndProject
Project("{FAE04EC0-301F-11D3-BF4B-00C04F79EFBC}") = "Tyuiu.ZairovAR.Sprint6.Task2.V12.Lib", "Tyuiu.ZairovAR.Sprint6.Task2.V12.Lib\Tyuiu.ZairovAR.Sprint6.Task2.V12.Lib.csproj", "{26E3CD8D-20D9-4B2B-9EE1-3A468C54C268}"
EndProject
Project("{FAE04EC0-301F-11D3-BF4B-00C04F79EFBC}") = "Tyuiu.ZairovAR.Sprint6.Task2.V12.Test", "Tyuiu.ZairovAR.Sprint6.Task2.V12.Test\Tyuiu.ZairovAR.Sprint6.Task2.V12.Test.csproj", "{F5DF6DFA-75B8-4D91-AB76-CFBDD7E12826}"
EndProject
Project("{2150E333-8FDC-42A3-9474-1A3956D46DE8}") = "Task3", "Task3", "{DA728486-2D97-4D44-83FA-488FA869133A}"
EndProject
Project("{FAE04EC0-301F-11D3-BF4B-00C04F79EFBC}") = "Tyuiu.ZairovAR.Sprint6.Task3.V10", "Tyuiu.ZairovAR.Sprint6.Task3.V10\Tyuiu.ZairovAR.Sprint6.Task3.V10.csproj", "{6674DFD1-3FC8-4817-A8F5-E37BE8297BFE}"
EndProject
Project("{FAE04EC0-301F-11D3-BF4B-00C04F79EFBC}") = "Tyuiu.ZairovAR.Sprint6.Task3.V10.Lib", "Tyuiu.ZairovAR.Sprint6.Task3.V10.Lib\Tyuiu.ZairovAR.Sprint6.Task3.V10.Lib.csproj", "{D2FCE5B7-1DD5-4D0C-9EE4-0E5339F80518}"
EndProject
Project("{FAE04EC0-301F-11D3-BF4B-00C04F79EFBC}") = "Tyuiu.ZairovAR.Sprint6.Task3.V10.Test", "Tyuiu.ZairovAR.Sprint6.Task3.V10.Test\Tyuiu.ZairovAR.Sprint6.Task3.V10.Test.csproj", "{CB525D46-3408-47EA-AD00-4E59A08496B9}"
EndProject
Project("{2150E333-8FDC-42A3-9474-1A3956D46DE8}") = "Task5", "Task5", "{AE9DB535-1697-45DC-A874-5B989F56474D}"
EndProject
Project("{FAE04EC0-301F-11D3-BF4B-00C04F79EFBC}") = "Tyuiu.ZairovAR.Sprint6.Task5.V22", "Tyuiu.ZairovAR.Sprint6.Task5.V22\Tyuiu.ZairovAR.Sprint6.Task5.V22.csproj", "{245B87FE-B3D8-4A04-9BE3-4F2CD4174B32}"
EndProject
Project("{FAE04EC0-301F-11D3-BF4B-00C04F79EFBC}") = "Tyuiu.ZairovAR.Sprint6.Task5.V22.Lib", "Tyuiu.ZairovAR.Sprint6.Task5.V22.Lib\Tyuiu.ZairovAR.Sprint6.Task5.V22.Lib.csproj", "{021A2319-828D-45D5-BF4B-2C30A4CDE777}"
EndProject
Project("{FAE04EC0-301F-11D3-BF4B-00C04F79EFBC}") = "Tyuiu.ZairovAR.Sprint6.Task5.V22.Test", "Tyuiu.ZairovAR.Sprint6.Task5.V22.Test\Tyuiu.ZairovAR.Sprint6.Task5.V22.Test.csproj", "{D9FDBA01-C522-4325-A1E4-5BF3416B9E31}"
EndProject
Project("{2150E333-8FDC-42A3-9474-1A3956D46DE8}") = "Task6", "Task6", "{5FA2D6DC-D21B-4193-A6D1-3ECBE1293380}"
EndProject
Project("{FAE04EC0-301F-11D3-BF4B-00C04F79EFBC}") = "Tyuiu.ZairovAR.Sprint6.Task6.V8", "Tyuiu.ZairovAR.Sprint6.Task6.V8\Tyuiu.ZairovAR.Sprint6.Task6.V8.csproj", "{2FE3E238-3005-4F08-84BE-08E6A4BBC13D}"
EndProject
Project("{FAE04EC0-301F-11D3-BF4B-00C04F79EFBC}") = "Tyuiu.ZairovAR.Sprint6.Task6.V8.Lib", "Tyuiu.ZairovAR.Sprint6.Task6.V8.Lib\Tyuiu.ZairovAR.Sprint6.Task6.V8.Lib.csproj", "{B9854AD1-FF09-4841-994A-ECB8835A5855}"
EndProject
Project("{FAE04EC0-301F-11D3-BF4B-00C04F79EFBC}") = "Tyuiu.ZairovAR.Sprint6.Task6.V8.Test", "Tyuiu.ZairovAR.Sprint6.Task6.V8.Test\Tyuiu.ZairovAR.Sprint6.Task6.V8.Test.csproj", "{A607C17C-D959-4021-AEFB-E8DCB87DE2F9}"
EndProject
Global
	GlobalSection(SolutionConfigurationPlatforms) = preSolution
		Debug|Any CPU = Debug|Any CPU
		Release|Any CPU = Release|Any CPU
	EndGlobalSection
	GlobalSection(ProjectConfigurationPlatforms) = postSolution
		{DE8CC467-808F-43A2-8B87-5204FCBE8A0E}.Debug|Any CPU.ActiveCfg = Debug|Any CPU
		{DE8CC467-808F-43A2-8B87-5204FCBE8A0E}.Debug|Any CPU.Build.0 = Debug|Any CPU
		{DE8CC467-808F-43A2-8B87-5204FCBE8A0E}.Release|Any CPU.ActiveCfg = Release|Any CPU
		{DE8CC467-808F-43A2-8B87-5204FCBE8A0E}.Release|Any CPU.Build.0 = Release|Any CPU
		{1918EC33-9D96-4C6C-8DF5-A82E1C8A4E7B}.Debug|Any CPU.ActiveCfg = Debug|Any CPU
		{1918EC33-9D96-4C6C-8DF5-A82E1C8A4E7B}.Debug|Any CPU.Build.0 = Debug|Any CPU
		{1918EC33-9D96-4C6C-8DF5-A82E1C8A4E7B}.Release|Any CPU.ActiveCfg = Release|Any CPU
		{1918EC33-9D96-4C6C-8DF5-A82E1C8A4E7B}.Release|Any CPU.Build.0 = Release|Any CPU
		{D5BCC979-E57F-40DB-8CD0-0674C8C3A1FC}.Debug|Any CPU.ActiveCfg = Debug|Any CPU
		{D5BCC979-E57F-40DB-8CD0-0674C8C3A1FC}.Debug|Any CPU.Build.0 = Debug|Any CPU
		{D5BCC979-E57F-40DB-8CD0-0674C8C3A1FC}.Release|Any CPU.ActiveCfg = Release|Any CPU
		{D5BCC979-E57F-40DB-8CD0-0674C8C3A1FC}.Release|Any CPU.Build.0 = Release|Any CPU
		{E9363B24-D8B0-42BD-8C08-379569259614}.Debug|Any CPU.ActiveCfg = Debug|Any CPU
		{E9363B24-D8B0-42BD-8C08-379569259614}.Debug|Any CPU.Build.0 = Debug|Any CPU
		{E9363B24-D8B0-42BD-8C08-379569259614}.Release|Any CPU.ActiveCfg = Release|Any CPU
		{E9363B24-D8B0-42BD-8C08-379569259614}.Release|Any CPU.Build.0 = Release|Any CPU
		{72F5D00E-CFFB-48B2-AAB2-D32D21E6BCB1}.Debug|Any CPU.ActiveCfg = Debug|Any CPU
		{72F5D00E-CFFB-48B2-AAB2-D32D21E6BCB1}.Debug|Any CPU.Build.0 = Debug|Any CPU
		{72F5D00E-CFFB-48B2-AAB2-D32D21E6BCB1}.Release|Any CPU.ActiveCfg = Release|Any CPU
		{72F5D00E-CFFB-48B2-AAB2-D32D21E6BCB1}.Release|Any CPU.Build.0 = Release|Any CPU
		{EBA3F87B-D1C5-4DB2-90F3-69CF3B59FA35}.Debug|Any CPU.ActiveCfg = Debug|Any CPU
		{EBA3F87B-D1C5-4DB2-90F3-69CF3B59FA35}.Debug|Any CPU.Build.0 = Debug|Any CPU
		{EBA3F87B-D1C5-4DB2-90F3-69CF3B59FA35}.Release|Any CPU.ActiveCfg = Release|Any CPU
		{EBA3F87B-D1C5-4DB2-90F3-69CF3B59FA35}.Release|Any CPU.Build.0 = Release|Any CPU
		{B4B4016F-8544-486F-BB16-C5CC0ABCCE7B}.Debug|Any CPU.ActiveCfg = Debug|Any CPU
		{B4B4016F-8544-486F-BB16-C5CC0ABCCE7B}.Debug|Any CPU.Build.0 = Debug|Any CPU
		{B4B4016F-8544-486F-BB16-C5CC0ABCCE7B}.Release|Any CPU.ActiveCfg = Release|Any CPU
		{B4B4016F-8544-486F-BB16-C5CC0ABCCE7B}.Release|Any CPU.Build.0 = Release|Any CPU
		{26E3CD8D-20D9-4B2B-9EE1-3A468C54C268}.Debug|Any CPU.ActiveCfg = Debug|Any CPU
		{26E3CD8D-20D9-4B2B-9EE1-3A468C54C268}.Debug|Any CPU.Build.0 = Debug|Any CPU
		{26E3CD8D-20D9-4B2B-9EE1-3A468C54C268}.Release|Any CPU.ActiveCfg = Release|Any CPU
		{26E3CD8D-20D9-4B2B-9EE1-3A468C54C268}.Release|Any CPU.Build.0 = Release|Any CPU
		{F5DF6DFA-75B8-4D91-AB76-CFBDD7E12826}.Debug|Any CPU.ActiveCfg = Debug|Any CPU
		{F5DF6DFA-75B8-4D91-AB76-CFBDD7E12826}.Debug|Any CPU.Build.0 = Debug|Any CPU
		{F5DF6DFA-75B8-4D91-AB76-CFBDD7E12826}.Release|Any CPU.ActiveCfg = Release|Any CPU
		{F5DF6DFA-75B8-4D91-AB76-CFBDD7E12826}.Release|Any CPU.Build.0 = Release|Any CPU
		{6674DFD1-3FC8-4817-A8F5-E37BE8297BFE}.Debug|Any CPU.ActiveCfg = Debug|Any CPU
		{6674DFD1-3FC8-4817-A8F5-E37BE8297BFE}.Debug|Any CPU.Build.0 = Debug|Any CPU
		{6674DFD1-3FC8-4817-A8F5-E37BE8297BFE}.Release|Any CPU.ActiveCfg = Release|Any CPU
		{6674DFD1-3FC8-4817-A8F5-E37BE8297BFE}.Release|Any CPU.Build.0 = Release|Any CPU
		{D2FCE5B7-1DD5-4D0C-9EE4-0E5339F80518}.Debug|Any CPU.ActiveCfg = Debug|Any CPU
		{D2FCE5B7-1DD5-4D0C-9EE4-0E5339F80518}.Debug|Any CPU.Build.0 = Debug|Any CPU
		{D2FCE5B7-1DD5-4D0C-9EE4-0E5339F80518}.Release|Any CPU.ActiveCfg = Release|Any CPU
		{D2FCE5B7-1DD5-4D0C-9EE4-0E5339F80518}.Release|Any CPU.Build.0 = Release|Any CPU
		{CB525D46-3408-47EA-AD00-4E59A08496B9}.Debug|Any CPU.ActiveCfg = Debug|Any CPU
		{CB525D46-3408-47EA-AD00-4E59A08496B9}.Debug|Any CPU.Build.0 = Debug|Any CPU
		{CB525D46-3408-47EA-AD00-4E59A08496B9}.Release|Any CPU.ActiveCfg = Release|Any CPU
		{CB525D46-3408-47EA-AD00-4E59A08496B9}.Release|Any CPU.Build.0 = Release|Any CPU
		{245B87FE-B3D8-4A04-9BE3-4F2CD4174B32}.Debug|Any CPU.ActiveCfg = Debug|Any CPU
		{245B87FE-B3D8-4A04-9BE3-4F2CD4174B32}.Debug|Any CPU.Build.0 = Debug|Any CPU
		{245B87FE-B3D8-4A04-9BE3-4F2CD4174B32}.Release|Any CPU.ActiveCfg = Release|Any CPU
		{245B87FE-B3D8-4A04-9BE3-4F2CD4174B32}.Release|Any CPU.Build.0 = Release|Any CPU
		{021A2319-828D-45D5-BF4B-2C30A4CDE777}.Debug|Any CPU.ActiveCfg = Debug|Any CPU
		{021A2319-828D-45D5-BF4B-2C30A4CDE777}.Debug|Any CPU.Build.0 = Debug|Any CPU
		{021A2319-828D-45D5-BF4B-2C30A4CDE777}.Release|Any CPU.ActiveCfg = Release|Any CPU
		{021A2319-828D-45D5-BF4B-2C30A4CDE777}.Release|Any CPU.Build.0 = Release|Any CPU
		{D9FDBA01-C522-4325-A1E4-5BF3416B9E31}.Debug|Any CPU.ActiveCfg = Debug|Any CPU
		{D9FDBA01-C522-4325-A1E4-5BF3416B9E31}.Debug|Any CPU.Build.0 = Debug|Any CPU
		{D9FDBA01-C522-4325-A1E4-5BF3416B9E31}.Release|Any CPU.ActiveCfg = Release|Any CPU
		{D9FDBA01-C522-4325-A1E4-5BF3416B9E31}.Release|Any CPU.Build.0 = Release|Any CPU
		{2FE3E238-3005-4F08-84BE-08E6A4BBC13D}.Debug|Any CPU.ActiveCfg = Debug|Any CPU
		{2FE3E238-3005-4F08-84BE-08E6A4BBC13D}.Debug|Any CPU.Build.0 = Debug|Any CPU
		{2FE3E238-3005-4F08-84BE-08E6A4BBC13D}.Release|Any CPU.ActiveCfg = Release|Any CPU
		{2FE3E238-3005-4F08-84BE-08E6A4BBC13D}.Release|Any CPU.Build.0 = Release|Any CPU
		{B9854AD1-FF09-4841-994A-ECB8835A5855}.Debug|Any CPU.ActiveCfg = Debug|Any CPU
		{B9854AD1-FF09-4841-994A-ECB8835A5855}.Debug|Any CPU.Build.0 = Debug|Any CPU
		{B9854AD1-FF09-4841-994A-ECB8835A5855}.Release|Any CPU.ActiveCfg = Release|Any CPU
		{B9854AD1-FF09-4841-994A-ECB8835A5855}.Release|Any CPU.Build.0 = Release|Any CPU
		{A607C17C-D959-4021-AEFB-E8DCB87DE2F9}.Debug|Any CPU.ActiveCfg = Debug|Any CPU
		{A607C17C-D959-4021-AEFB-E8DCB87DE2F9}.Debug|Any CPU.Build.0 = Debug|Any CPU
		{A607C17C-D959-4021-AEFB-E8DCB87DE2F9}.Release|Any CPU.ActiveCfg = Release|Any CPU
		{A607C17C-D959-4021-AEFB-E8DCB87DE2F9}.Release|Any CPU.Build.0 = Release|Any CPU
	EndGlobalSection
	GlobalSection(SolutionProperties) = preSolution
		HideSolutionNode = FALSE
	EndGlobalSection
	GlobalSection(NestedProjects) = preSolution
		{DE8CC467-808F-43A2-8B87-5204FCBE8A0E} = {93F98BB5-3F4B-4764-9FB6-DE2C7A9A74E6}
		{1918EC33-9D96-4C6C-8DF5-A82E1C8A4E7B} = {93F98BB5-3F4B-4764-9FB6-DE2C7A9A74E6}
		{D5BCC979-E57F-40DB-8CD0-0674C8C3A1FC} = {93F98BB5-3F4B-4764-9FB6-DE2C7A9A74E6}
		{E9363B24-D8B0-42BD-8C08-379569259614} = {90184814-9959-4E79-8762-C094290C7F44}
		{72F5D00E-CFFB-48B2-AAB2-D32D21E6BCB1} = {90184814-9959-4E79-8762-C094290C7F44}
		{EBA3F87B-D1C5-4DB2-90F3-69CF3B59FA35} = {90184814-9959-4E79-8762-C094290C7F44}
		{B4B4016F-8544-486F-BB16-C5CC0ABCCE7B} = {7D3DCD26-7C2D-48D6-B9C3-1BCE9789BD35}
		{26E3CD8D-20D9-4B2B-9EE1-3A468C54C268} = {7D3DCD26-7C2D-48D6-B9C3-1BCE9789BD35}
		{F5DF6DFA-75B8-4D91-AB76-CFBDD7E12826} = {7D3DCD26-7C2D-48D6-B9C3-1BCE9789BD35}
		{6674DFD1-3FC8-4817-A8F5-E37BE8297BFE} = {DA728486-2D97-4D44-83FA-488FA869133A}
		{D2FCE5B7-1DD5-4D0C-9EE4-0E5339F80518} = {DA728486-2D97-4D44-83FA-488FA869133A}
		{CB525D46-3408-47EA-AD00-4E59A08496B9} = {DA728486-2D97-4D44-83FA-488FA869133A}
		{245B87FE-B3D8-4A04-9BE3-4F2CD4174B32} = {AE9DB535-1697-45DC-A874-5B989F56474D}
		{021A2319-828D-45D5-BF4B-2C30A4CDE777} = {AE9DB535-1697-45DC-A874-5B989F56474D}
		{D9FDBA01-C522-4325-A1E4-5BF3416B9E31} = {AE9DB535-1697-45DC-A874-5B989F56474D}
		{2FE3E238-3005-4F08-84BE-08E6A4BBC13D} = {5FA2D6DC-D21B-4193-A6D1-3ECBE1293380}
		{B9854AD1-FF09-4841-994A-ECB8835A5855} = {5FA2D6DC-D21B-4193-A6D1-3ECBE1293380}
		{A607C17C-D959-4021-AEFB-E8DCB87DE2F9} = {5FA2D6DC-D21B-4193-A6D1-3ECBE1293380}
	EndGlobalSection
	GlobalSection(ExtensibilityGlobals) = postSolution
		SolutionGuid = {A44BA74D-3F5B-4666-B380-3BA01E5BC62B}
	EndGlobalSection
EndGlobal
